
Microsoft Visual Studio Solution File, Format Version 12.00
# Visual Studio 15
VisualStudioVersion = 15.0.26127.0
MinimumVisualStudioVersion = 10.0.40219.1
Project("{FAE04EC0-301F-11D3-BF4B-00C04F79EFBC}") = "SimpleIgniteBot", "SimpleIgniteBot\SimpleIgniteBot.csproj", "{2EB1D487-EFBE-4423-BC5C-3C8D9AC6388E}"
EndProject
Project("{2150E333-8FDC-42A3-9474-1A3956D46DE8}") = "CognitiveServices", "CognitiveServices", "{81BF4449-0981-463A-8DEB-9F3E7221A6E1}"
EndProject
Global
	GlobalSection(SolutionConfigurationPlatforms) = preSolution
		Debug|Any CPU = Debug|Any CPU
		Release|Any CPU = Release|Any CPU
	EndGlobalSection
	GlobalSection(ProjectConfigurationPlatforms) = postSolution
		{2EB1D487-EFBE-4423-BC5C-3C8D9AC6388E}.Debug|Any CPU.ActiveCfg = Debug|Any CPU
		{2EB1D487-EFBE-4423-BC5C-3C8D9AC6388E}.Debug|Any CPU.Build.0 = Debug|Any CPU
		{2EB1D487-EFBE-4423-BC5C-3C8D9AC6388E}.Release|Any CPU.ActiveCfg = Release|Any CPU
		{2EB1D487-EFBE-4423-BC5C-3C8D9AC6388E}.Release|Any CPU.Build.0 = Release|Any CPU
	EndGlobalSection
	GlobalSection(SolutionProperties) = preSolution
		HideSolutionNode = FALSE
	EndGlobalSection
EndGlobal
